<?xml version="1.0" encoding="utf-8"?>
<Project ToolsVersion="4.0" xmlns="http://schemas.microsoft.com/developer/msbuild/2003">
  <ItemGroup>
    <Filter Include="Исходные файлы">
      <UniqueIdentifier>{4FC737F1-C7A5-4376-A066-2A32D752A2FF}</UniqueIdentifier>
      <Extensions>cpp;c;cc;cxx;c++;cppm;ixx;def;odl;idl;hpj;bat;asm;asmx</Extensions>
    </Filter>
    <Filter Include="Файлы заголовков">
      <UniqueIdentifier>{93995380-89BD-4b04-88EB-625FBE52EBFB}</UniqueIdentifier>
      <Extensions>h;hh;hpp;hxx;h++;hm;inl;inc;ipp;xsd</Extensions>
    </Filter>
    <Filter Include="Файлы ресурсов">
      <UniqueIdentifier>{67DA6AB6-F800-4c08-8B7A-83BB121AAD01}</UniqueIdentifier>
      <Extensions>rc;ico;cur;bmp;dlg;rc2;rct;bin;rgs;gif;jpg;jpeg;jpe;resx;tiff;tif;png;wav;mfcribbon-ms</Extensions>
    </Filter>
    <Filter Include="Исходные файлы\Textures">
      <UniqueIdentifier>{806effd0-3374-4afc-9e74-1a04f3cc0056}</UniqueIdentifier>
    </Filter>
    <Filter Include="Файлы заголовков\Textures">
      <UniqueIdentifier>{866dfe52-c839-4298-8a99-5ba0e39b48e8}</UniqueIdentifier>
    </Filter>
    <Filter Include="Исходные файлы\Objects">
      <UniqueIdentifier>{8e6db627-6250-4095-95b7-87d0022fe929}</UniqueIdentifier>
    </Filter>
    <Filter Include="Файлы заголовков\Objects">
      <UniqueIdentifier>{39e305ea-9661-49ad-9e11-11636be249f8}</UniqueIdentifier>
    </Filter>
    <Filter Include="Shaders">
      <UniqueIdentifier>{86f2b533-367d-4b87-8e4e-9a68e668e473}</UniqueIdentifier>
    </Filter>
    <Filter Include="Исходные файлы\Renderers">
      <UniqueIdentifier>{af4e77c4-22b2-400f-9850-b5c2f4845ccf}</UniqueIdentifier>
    </Filter>
    <Filter Include="Файлы заголовков\Renderers">
      <UniqueIdentifier>{f61de9d4-ee76-4511-8ef3-773ca9c4c50a}</UniqueIdentifier>
    </Filter>
  </ItemGroup>
  <ItemGroup>
    <ClCompile Include="main.cpp">
      <Filter>Исходные файлы</Filter>
    </ClCompile>
    <ClCompile Include="RendererWindow.cpp">
      <Filter>Исходные файлы</Filter>
    </ClCompile>
    <ClCompile Include="Logger.cpp">
      <Filter>Исходные файлы</Filter>
    </ClCompile>
    <ClCompile Include="Scene.cpp">
      <Filter>Исходные файлы</Filter>
    </ClCompile>
    <ClCompile Include="Transform.cpp">
      <Filter>Исходные файлы</Filter>
    </ClCompile>
    <ClCompile Include="Ray.cpp">
      <Filter>Исходные файлы</Filter>
    </ClCompile>
    <ClCompile Include="CollisionInfo.cpp">
      <Filter>Исходные файлы</Filter>
    </ClCompile>
    <ClCompile Include="Camera.cpp">
      <Filter>Исходные файлы</Filter>
    </ClCompile>
    <ClCompile Include="UserInput.cpp">
      <Filter>Исходные файлы</Filter>
    </ClCompile>
    <ClCompile Include="Time.cpp">
      <Filter>Исходные файлы</Filter>
    </ClCompile>
    <ClCompile Include="BoundingBox.cpp">
      <Filter>Исходные файлы</Filter>
    </ClCompile>
    <ClCompile Include="Random.cpp">
      <Filter>Исходные файлы</Filter>
    </ClCompile>
    <ClCompile Include="SpaceTreeNode.cpp">
      <Filter>Исходные файлы</Filter>
    </ClCompile>
    <ClCompile Include="PerlinNoise.cpp">
      <Filter>Исходные файлы</Filter>
    </ClCompile>
    <ClCompile Include="NoiseTexture.cpp">
      <Filter>Исходные файлы\Textures</Filter>
    </ClCompile>
    <ClCompile Include="ColorTexture.cpp">
      <Filter>Исходные файлы\Textures</Filter>
    </ClCompile>
    <ClCompile Include="ImageTexture.cpp">
      <Filter>Исходные файлы\Textures</Filter>
    </ClCompile>
    <ClCompile Include="Texture.cpp">
      <Filter>Исходные файлы\Textures</Filter>
    </ClCompile>
    <ClCompile Include="CheckerTexture.cpp">
      <Filter>Исходные файлы\Textures</Filter>
    </ClCompile>
    <ClCompile Include="SceneObject.cpp">
      <Filter>Исходные файлы\Objects</Filter>
    </ClCompile>
    <ClCompile Include="Sphere.cpp">
      <Filter>Исходные файлы\Objects</Filter>
    </ClCompile>
    <ClCompile Include="ShaderLibrary.cpp">
      <Filter>Исходные файлы</Filter>
    </ClCompile>
    <ClCompile Include="Mesh.cpp">
      <Filter>Исходные файлы</Filter>
    </ClCompile>
    <ClCompile Include="Renderer.cpp">
      <Filter>Исходные файлы\Renderers</Filter>
    </ClCompile>
    <ClCompile Include="CPURayTracer.cpp">
      <Filter>Исходные файлы\Renderers</Filter>
    </ClCompile>
    <ClCompile Include="GPURayTracer.cpp">
      <Filter>Исходные файлы\Renderers</Filter>
    </ClCompile>
    <ClCompile Include="SceneLoader.cpp">
      <Filter>Исходные файлы</Filter>
    </ClCompile>
    <ClCompile Include="Material.cpp">
      <Filter>Исходные файлы</Filter>
    </ClCompile>
    <ClCompile Include="pch.cpp">
      <Filter>Исходные файлы\Textures</Filter>
    </ClCompile>
    <ClCompile Include="DefaultRenderer.cpp">
      <Filter>Исходные файлы\Renderers</Filter>
    </ClCompile>
    <ClCompile Include="Bone.cpp">
      <Filter>Исходные файлы</Filter>
    </ClCompile>
    <ClCompile Include="Animation.cpp">
      <Filter>Исходные файлы</Filter>
    </ClCompile>
    <ClCompile Include="Animator.cpp">
      <Filter>Исходные файлы</Filter>
    </ClCompile>
    <ClCompile Include="PDF.cpp">
      <Filter>Исходные файлы</Filter>
    </ClCompile>
  </ItemGroup>
  <ItemGroup>
    <ClInclude Include="RendererWindow.h">
      <Filter>Файлы заголовков</Filter>
    </ClInclude>
    <ClInclude Include="Logger.h">
      <Filter>Файлы заголовков</Filter>
    </ClInclude>
    <ClInclude Include="Scene.h">
      <Filter>Файлы заголовков</Filter>
    </ClInclude>
    <ClInclude Include="Transform.h">
      <Filter>Файлы заголовков</Filter>
    </ClInclude>
    <ClInclude Include="Ray.h">
      <Filter>Файлы заголовков</Filter>
    </ClInclude>
    <ClInclude Include="CollisionInfo.h">
      <Filter>Файлы заголовков</Filter>
    </ClInclude>
    <ClInclude Include="Camera.h">
      <Filter>Файлы заголовков</Filter>
    </ClInclude>
    <ClInclude Include="UserInput.h">
      <Filter>Файлы заголовков</Filter>
    </ClInclude>
    <ClInclude Include="Time.h">
      <Filter>Файлы заголовков</Filter>
    </ClInclude>
    <ClInclude Include="BoundingBox.h">
      <Filter>Файлы заголовков</Filter>
    </ClInclude>
    <ClInclude Include="Random.h">
      <Filter>Файлы заголовков</Filter>
    </ClInclude>
    <ClInclude Include="SpaceTreeNode.h">
      <Filter>Файлы заголовков</Filter>
    </ClInclude>
    <ClInclude Include="PerlinNoise.h">
      <Filter>Файлы заголовков</Filter>
    </ClInclude>
    <ClInclude Include="ColorTexture.h">
      <Filter>Файлы заголовков\Textures</Filter>
    </ClInclude>
    <ClInclude Include="CheckerTexture.h">
      <Filter>Файлы заголовков\Textures</Filter>
    </ClInclude>
    <ClInclude Include="ImageTexture.h">
      <Filter>Файлы заголовков\Textures</Filter>
    </ClInclude>
    <ClInclude Include="NoiseTexture.h">
      <Filter>Файлы заголовков\Textures</Filter>
    </ClInclude>
    <ClInclude Include="Texture.h">
      <Filter>Файлы заголовков\Textures</Filter>
    </ClInclude>
    <ClInclude Include="Textures.h">
      <Filter>Файлы заголовков\Textures</Filter>
    </ClInclude>
    <ClInclude Include="SceneObject.h">
      <Filter>Файлы заголовков\Objects</Filter>
    </ClInclude>
    <ClInclude Include="Sphere.h">
      <Filter>Файлы заголовков\Objects</Filter>
    </ClInclude>
    <ClInclude Include="Mesh.h">
      <Filter>Файлы заголовков</Filter>
    </ClInclude>
    <ClInclude Include="Renderer.h">
      <Filter>Файлы заголовков\Renderers</Filter>
    </ClInclude>
    <ClInclude Include="CPURayTracer.h">
      <Filter>Файлы заголовков\Renderers</Filter>
    </ClInclude>
    <ClInclude Include="ShaderLibrary.h">
      <Filter>Файлы заголовков</Filter>
    </ClInclude>
    <ClInclude Include="GPURayTracer.h">
      <Filter>Файлы заголовков\Renderers</Filter>
    </ClInclude>
    <ClInclude Include="DefaultRenderer.h">
      <Filter>Файлы заголовков\Renderers</Filter>
    </ClInclude>
    <ClInclude Include="SceneLoader.h">
      <Filter>Файлы заголовков</Filter>
    </ClInclude>
    <ClInclude Include="Material.h">
      <Filter>Файлы заголовков</Filter>
    </ClInclude>
    <ClInclude Include="pch.h">
      <Filter>Файлы заголовков</Filter>
    </ClInclude>
    <ClInclude Include="Bone.h">
      <Filter>Файлы заголовков</Filter>
    </ClInclude>
    <ClInclude Include="Animation.h">
      <Filter>Файлы заголовков</Filter>
    </ClInclude>
    <ClInclude Include="Animator.h">
      <Filter>Файлы заголовков</Filter>
    </ClInclude>
    <ClInclude Include="Spectrum.h">
      <Filter>Файлы заголовков</Filter>
    </ClInclude>
    <ClInclude Include="PDF.h">
      <Filter>Файлы заголовков</Filter>
    </ClInclude>
  </ItemGroup>
  <ItemGroup>
    <Text Include="QuadFragmentShader.glsl">
      <Filter>Shaders</Filter>
    </Text>
    <Text Include="QuadVertexShader.glsl">
      <Filter>Shaders</Filter>
    </Text>
    <Text Include="RayComputeShader.glsl">
      <Filter>Shaders</Filter>
    </Text>
  </ItemGroup>
  <ItemGroup>
    <None Include="DefaultVertexShader.glsl">
      <Filter>Shaders</Filter>
    </None>
    <None Include="DefaultFragmentShader.glsl">
      <Filter>Shaders</Filter>
    </None>
  </ItemGroup>
</Project>